
Microsoft Visual Studio Solution File, Format Version 12.00
# Visual Studio Version 17
VisualStudioVersion = 17.14.36327.8
MinimumVisualStudioVersion = 10.0.40219.1
Project("{FAE04EC0-301F-11D3-BF4B-00C04F79EFBC}") = "DoctorAppointment", "DoctorAppointment\DoctorAppointment.csproj", "{03930B97-CABC-4C86-B842-0518D5992ADE}"
EndProject
Project("{FAE04EC0-301F-11D3-BF4B-00C04F79EFBC}") = "DoctorAppointment.Domain", "DoctorAppointment.Domain\DoctorAppointment.Domain.csproj", "{31066C90-E897-4F56-B682-1F0CE5AA5808}"
EndProject
Project("{FAE04EC0-301F-11D3-BF4B-00C04F79EFBC}") = "DoctorAppointment.Infrastructure", "DoctorAppointment.Infrastructure\DoctorAppointment.Infrastructure.csproj", "{90F1B2BC-7A51-4CF8-99D5-F8ABC3A5D195}"
EndProject
Project("{FAE04EC0-301F-11D3-BF4B-00C04F79EFBC}") = "DoctorAppointment.Tests", "DoctorAppointment.Tests\DoctorAppointment.Tests.csproj", "{515418DB-B77D-47A8-B31D-3418010FC1BA}"
EndProject
Project("{FAE04EC0-301F-11D3-BF4B-00C04F79EFBC}") = "DoctorAppointment.Application", "DoctorAppointment.Application\DoctorAppointment.Application.csproj", "{26F52A1D-A6BD-471D-94DE-44DA0679C35C}"
EndProject
Global
	GlobalSection(SolutionConfigurationPlatforms) = preSolution
		Debug|Any CPU = Debug|Any CPU
		Release|Any CPU = Release|Any CPU
	EndGlobalSection
	GlobalSection(ProjectConfigurationPlatforms) = postSolution
		{03930B97-CABC-4C86-B842-0518D5992ADE}.Debug|Any CPU.ActiveCfg = Debug|Any CPU
		{03930B97-CABC-4C86-B842-0518D5992ADE}.Debug|Any CPU.Build.0 = Debug|Any CPU
		{03930B97-CABC-4C86-B842-0518D5992ADE}.Release|Any CPU.ActiveCfg = Release|Any CPU
		{03930B97-CABC-4C86-B842-0518D5992ADE}.Release|Any CPU.Build.0 = Release|Any CPU
		{31066C90-E897-4F56-B682-1F0CE5AA5808}.Debug|Any CPU.ActiveCfg = Debug|Any CPU
		{31066C90-E897-4F56-B682-1F0CE5AA5808}.Debug|Any CPU.Build.0 = Debug|Any CPU
		{31066C90-E897-4F56-B682-1F0CE5AA5808}.Release|Any CPU.ActiveCfg = Release|Any CPU
		{31066C90-E897-4F56-B682-1F0CE5AA5808}.Release|Any CPU.Build.0 = Release|Any CPU
		{90F1B2BC-7A51-4CF8-99D5-F8ABC3A5D195}.Debug|Any CPU.ActiveCfg = Debug|Any CPU
		{90F1B2BC-7A51-4CF8-99D5-F8ABC3A5D195}.Debug|Any CPU.Build.0 = Debug|Any CPU
		{90F1B2BC-7A51-4CF8-99D5-F8ABC3A5D195}.Release|Any CPU.ActiveCfg = Release|Any CPU
		{90F1B2BC-7A51-4CF8-99D5-F8ABC3A5D195}.Release|Any CPU.Build.0 = Release|Any CPU
		{515418DB-B77D-47A8-B31D-3418010FC1BA}.Debug|Any CPU.ActiveCfg = Debug|Any CPU
		{515418DB-B77D-47A8-B31D-3418010FC1BA}.Debug|Any CPU.Build.0 = Debug|Any CPU
		{515418DB-B77D-47A8-B31D-3418010FC1BA}.Release|Any CPU.ActiveCfg = Release|Any CPU
		{515418DB-B77D-47A8-B31D-3418010FC1BA}.Release|Any CPU.Build.0 = Release|Any CPU
		{26F52A1D-A6BD-471D-94DE-44DA0679C35C}.Debug|Any CPU.ActiveCfg = Debug|Any CPU
		{26F52A1D-A6BD-471D-94DE-44DA0679C35C}.Debug|Any CPU.Build.0 = Debug|Any CPU
		{26F52A1D-A6BD-471D-94DE-44DA0679C35C}.Release|Any CPU.ActiveCfg = Release|Any CPU
		{26F52A1D-A6BD-471D-94DE-44DA0679C35C}.Release|Any CPU.Build.0 = Release|Any CPU
	EndGlobalSection
	GlobalSection(SolutionProperties) = preSolution
		HideSolutionNode = FALSE
	EndGlobalSection
	GlobalSection(ExtensibilityGlobals) = postSolution
		SolutionGuid = {180FB5D8-E948-4DDB-9622-685CCE1BC55D}
	EndGlobalSection
EndGlobal
